{
  "name": "awakening",
  "version": "1.0.0",
  "lockfileVersion": 1,
  "requires": true,
  "dependencies": {
    "sharawadji": {
      "version": "0.4.4",
      "resolved": "https://registry.npmjs.org/sharawadji/-/sharawadji-0.4.4.tgz",
      "integrity": "sha512-0JqKcnK2tByJKDUHbYT902uPmcNNNEAZRpIRDxNz+Zsh+yMYz2Ji9bDQ0pOyNW+qkGm19UultszreoOT2S8jIA=="
    }
  }
}
